{"1.1.0",
[{<<"afunix">>,
  {git,"git://github.com/tonyrog/afunix.git",
       {ref,"3df8a32416ddc4f2792e97554b9bd5bf9f88caa0"}},
  1},
 {<<"amqp_client">>,{pkg,<<"amqp_client">>,<<"3.7.13">>},0},
 {<<"bear">>,{pkg,<<"bear">>,<<"0.8.7">>},2},
 {<<"exometer_collectd">>,
  {git,"https://github.com/Feuerlabs/exometer_collectd.git",
       {ref,"e8e60d418de656a29f6cb410ba41deadea484d08"}},
  0},
 {<<"exometer_core">>,{pkg,<<"exometer_core">>,<<"1.5.7">>},0},
 {<<"folsom">>,{pkg,<<"folsom">>,<<"0.8.7">>},1},
 {<<"goldrush">>,{pkg,<<"goldrush">>,<<"0.1.9">>},1},
 {<<"hut">>,{pkg,<<"hut">>,<<"1.2.1">>},1},
 {<<"jiffy">>,{pkg,<<"jiffy">>,<<"0.15.2">>},0},
 {<<"jsx">>,{pkg,<<"jsx">>,<<"2.9.0">>},2},
 {<<"lager">>,{pkg,<<"lager">>,<<"3.6.8">>},0},
 {<<"netlink">>,
  {git,"https://github.com/Feuerlabs/netlink.git",
       {ref,"2d95082ce7afe1d6ac3b3b3de031d050db7c879b"}},
  0},
 {<<"parse_trans">>,{pkg,<<"parse_trans">>,<<"3.3.0">>},1},
 {<<"rabbit_common">>,{pkg,<<"rabbit_common">>,<<"3.7.13">>},1},
 {<<"ranch">>,{pkg,<<"ranch">>,<<"1.7.1">>},2},
 {<<"recon">>,{pkg,<<"recon">>,<<"2.3.6">>},2},
 {<<"setup">>,{pkg,<<"setup">>,<<"2.0.2">>},1}]}.
[
{pkg_hash,[
 {<<"amqp_client">>, <<"7F8A0D0FADDFC3A1A76D9FA74BCD7BEFFE518A464C64FAFF0509E43DA336571A">>},
 {<<"bear">>, <<"16264309AE5D005D03718A5C82641FCC259C9E8F09ADEB6FD79CA4271168656F">>},
 {<<"exometer_core">>, <<"AB97E34A5D69AB14E6AE161DB4CCA5B5E655E635B842F830EE6AB2CBFCFDC30A">>},
 {<<"folsom">>, <<"A885F0AEEE4C84270954C88A55A5A473D6B2C7493E32FFDC5765412DD555A951">>},
 {<<"goldrush">>, <<"F06E5D5F1277DA5C413E84D5A2924174182FB108DABB39D5EC548B27424CD106">>},
 {<<"hut">>, <<"08D46679523043424870723923971889E8A34D63B2F946A35B46CF921D1236E7">>},
 {<<"jiffy">>, <<"DE266C390111FD4EA28B9302F0BC3D7472468F3B8E0ACEABFBEFA26D08CD73B7">>},
 {<<"jsx">>, <<"D2F6E5F069C00266CAD52FB15D87C428579EA4D7D73A33669E12679E203329DD">>},
 {<<"lager">>, <<"897EFC7679BB82383448646C96768CDC4E747464DD18B999C7AACA485686B0DA">>},
 {<<"parse_trans">>, <<"09765507A3C7590A784615CFD421D101AEC25098D50B89D7AA1D66646BC571C1">>},
 {<<"rabbit_common">>, <<"8490BD3839FDD845072474D0DB2855751E2F1631D0BD7B3E21DE82598B591CAF">>},
 {<<"ranch">>, <<"6B1FAB51B49196860B733A49C07604465A47BDB78AA10C1C16A3D199F7F8C881">>},
 {<<"recon">>, <<"2BCAD0CF621FB277CABBB6413159CD3AA30265C2DEE42C968697988B30108604">>},
 {<<"setup">>, <<"1203F4CDA11306C2E34434244576DED0A7BBFB0908D9A572356C809BD0CDF085">>}]}
].
